
Microsoft Visual Studio Solution File, Format Version 12.00
# Visual Studio Version 17
VisualStudioVersion = 17.11.35222.181
MinimumVisualStudioVersion = 10.0.40219.1
Project("{FAE04EC0-301F-11D3-BF4B-00C04F79EFBC}") = "databse_app", "databse_app\databse_app.csproj", "{F893A558-DEAA-4810-9A00-66D56CF2E41B}"
EndProject
Global
	GlobalSection(SolutionConfigurationPlatforms) = preSolution
		Debug|Any CPU = Debug|Any CPU
		Release|Any CPU = Release|Any CPU
	EndGlobalSection
	GlobalSection(ProjectConfigurationPlatforms) = postSolution
		{F893A558-DEAA-4810-9A00-66D56CF2E41B}.Debug|Any CPU.ActiveCfg = Debug|Any CPU
		{F893A558-DEAA-4810-9A00-66D56CF2E41B}.Debug|Any CPU.Build.0 = Debug|Any CPU
		{F893A558-DEAA-4810-9A00-66D56CF2E41B}.Release|Any CPU.ActiveCfg = Release|Any CPU
		{F893A558-DEAA-4810-9A00-66D56CF2E41B}.Release|Any CPU.Build.0 = Release|Any CPU
	EndGlobalSection
	GlobalSection(SolutionProperties) = preSolution
		HideSolutionNode = FALSE
	EndGlobalSection
	GlobalSection(ExtensibilityGlobals) = postSolution
		SolutionGuid = {3F78A606-2886-48D4-9156-FE09CBB7D4B2}
	EndGlobalSection
EndGlobal
